
Microsoft Visual Studio Solution File, Format Version 12.00
# Visual Studio Version 17
VisualStudioVersion = 17.6.33815.320
MinimumVisualStudioVersion = 10.0.40219.1
Project("{FAE04EC0-301F-11D3-BF4B-00C04F79EFBC}") = "Skynet", "Skynet\Skynet.csproj", "{AEC2B19A-5577-42D8-8081-61CC2A417A2E}"
EndProject
Global
	GlobalSection(SolutionConfigurationPlatforms) = preSolution
		Debug|Any CPU = Debug|Any CPU
		Release|Any CPU = Release|Any CPU
	EndGlobalSection
	GlobalSection(ProjectConfigurationPlatforms) = postSolution
		{AEC2B19A-5577-42D8-8081-61CC2A417A2E}.Debug|Any CPU.ActiveCfg = Debug|Any CPU
		{AEC2B19A-5577-42D8-8081-61CC2A417A2E}.Debug|Any CPU.Build.0 = Debug|Any CPU
		{AEC2B19A-5577-42D8-8081-61CC2A417A2E}.Release|Any CPU.ActiveCfg = Release|Any CPU
		{AEC2B19A-5577-42D8-8081-61CC2A417A2E}.Release|Any CPU.Build.0 = Release|Any CPU
	EndGlobalSection
	GlobalSection(SolutionProperties) = preSolution
		HideSolutionNode = FALSE
	EndGlobalSection
	GlobalSection(ExtensibilityGlobals) = postSolution
		SolutionGuid = {AFE929CC-4D32-45CB-8E04-475ECAB39702}
	EndGlobalSection
EndGlobal
